
Microsoft Visual Studio Solution File, Format Version 12.00
# Visual Studio 15
Project("{FAE04EC0-301F-11D3-BF4B-00C04F79EFBC}") = "Assembly-CSharp", "Assembly-CSharp.csproj", "{6F4463E7-3050-4780-D9CE-1B33995EB729}"
EndProject
Project("{FAE04EC0-301F-11D3-BF4B-00C04F79EFBC}") = "Assembly-CSharp-Editor", "Assembly-CSharp-Editor.csproj", "{753820C5-36AB-67F7-E080-325DF8EA7F2C}"
EndProject
Global
	GlobalSection(SolutionConfigurationPlatforms) = preSolution
		Debug|Any CPU = Debug|Any CPU
		Release|Any CPU = Release|Any CPU
	EndGlobalSection
	GlobalSection(ProjectConfigurationPlatforms) = postSolution
		{6F4463E7-3050-4780-D9CE-1B33995EB729}.Debug|Any CPU.ActiveCfg = Debug|Any CPU
		{6F4463E7-3050-4780-D9CE-1B33995EB729}.Debug|Any CPU.Build.0 = Debug|Any CPU
		{6F4463E7-3050-4780-D9CE-1B33995EB729}.Release|Any CPU.ActiveCfg = Release|Any CPU
		{6F4463E7-3050-4780-D9CE-1B33995EB729}.Release|Any CPU.Build.0 = Release|Any CPU
		{753820C5-36AB-67F7-E080-325DF8EA7F2C}.Debug|Any CPU.ActiveCfg = Debug|Any CPU
		{753820C5-36AB-67F7-E080-325DF8EA7F2C}.Debug|Any CPU.Build.0 = Debug|Any CPU
		{753820C5-36AB-67F7-E080-325DF8EA7F2C}.Release|Any CPU.ActiveCfg = Release|Any CPU
		{753820C5-36AB-67F7-E080-325DF8EA7F2C}.Release|Any CPU.Build.0 = Release|Any CPU
	EndGlobalSection
	GlobalSection(SolutionProperties) = preSolution
		HideSolutionNode = FALSE
	EndGlobalSection
EndGlobal
